{
  "lockVersion": 1,
  "installed": {
    "chili-ocx/pepper-plugin": {
      "registry": "chili-ocx",
      "version": "0.1.1",
      "hash": "8871eeea030b22a374e6cdad94353bcb97f5a0795bb15e0cb8221bfab9e40f33",
      "files": [
        ".opencode/plugin/pepper-plugin.js"
      ],
      "installedAt": "2026-01-25T21:08:48.513Z"
    },
    "chili-ocx/prd-methodology": {
      "registry": "chili-ocx",
      "version": "0.1.1",
      "hash": "178833a13bba19b50d3fba0a37976e8a3edbf76a29268b083e1c6ec606141f52",
      "files": [
        ".opencode/skill/prd-methodology/SKILL.md"
      ],
      "installedAt": "2026-01-25T21:08:48.514Z"
    },
    "chili-ocx/prd-format": {
      "registry": "chili-ocx",
      "version": "0.1.1",
      "hash": "dc833332dd8f7e2b86c7e0f861608654310be514e538610a50da9b67fc7ba0d4",
      "files": [
        ".opencode/skill/prd-format/SKILL.md"
      ],
      "installedAt": "2026-01-25T21:08:48.514Z"
    },
    "chili-ocx/pepper-protocol": {
      "registry": "chili-ocx",
      "version": "0.1.1",
      "hash": "5be2c31955c9664e5cc64a19a03cc900ab2601d6ef7ec112606779584c17c8ae",
      "files": [
        ".opencode/skill/pepper-protocol/SKILL.md"
      ],
      "installedAt": "2026-01-25T21:08:48.515Z"
    },
    "chili-ocx/scoville-orchestrator": {
      "registry": "chili-ocx",
      "version": "0.1.1",
      "hash": "6b0ff24fe7f0d906e8b4b261516aa08510f3337ecc3cb8830e93b25e6cf47a4d",
      "files": [
        ".opencode/agent/scoville-orchestrator/AGENT.md"
      ],
      "installedAt": "2026-01-25T21:08:48.515Z"
    },
    "chili-ocx/seed-prd-rfc": {
      "registry": "chili-ocx",
      "version": "0.1.1",
      "hash": "e91186daa90f8444ebf422a58e775a61c27bd325e63ee0dd95b9d934237c5370",
      "files": [
        ".opencode/agent/seed-prd-rfc/AGENT.md"
      ],
      "installedAt": "2026-01-25T21:08:48.516Z"
    },
    "chili-ocx/sprout-execution-planner": {
      "registry": "chili-ocx",
      "version": "0.1.1",
      "hash": "5db7ba31cd2274a6ced3e7373384f6c8ad0eac844ef2457261913edbf7902852",
      "files": [
        ".opencode/agent/sprout-execution-planner/AGENT.md"
      ],
      "installedAt": "2026-01-25T21:08:48.516Z"
    },
    "chili-ocx/jalapeno-coder": {
      "registry": "chili-ocx",
      "version": "0.1.1",
      "hash": "8a84f0988b8d7d462d01120b1e07875329a68699bdcd2d436a904d6df2217a26",
      "files": [
        ".opencode/agent/jalapeno-coder/AGENT.md"
      ],
      "installedAt": "2026-01-25T21:08:48.516Z"
    },
    "chili-ocx/habanero-reviewer": {
      "registry": "chili-ocx",
      "version": "0.1.1",
      "hash": "c8fc5e0ef6788f5d62ea34fd5aaddbf73f2e0a0fe57a106b695c55d5d2f9f661",
      "files": [
        ".opencode/agent/habanero-reviewer/AGENT.md"
      ],
      "installedAt": "2026-01-25T21:08:48.517Z"
    },
    "chili-ocx/ghost-explorer": {
      "registry": "chili-ocx",
      "version": "0.1.1",
      "hash": "5d33310aef3679f7e5e8374da75012003ea141fde6e97298510edf7e5882525e",
      "files": [
        ".opencode/agent/ghost-explorer/AGENT.md"
      ],
      "installedAt": "2026-01-25T21:08:48.517Z"
    },
    "chili-ocx/pepper-init": {
      "registry": "chili-ocx",
      "version": "0.1.1",
      "hash": "b2d036c70bf9fe3b29380d4c129d94625f34fb319403b0f417289b91aa7ad25d",
      "files": [
        ".opencode/command/pepper-init/COMMAND.md"
      ],
      "installedAt": "2026-01-25T21:08:48.517Z"
    },
    "chili-ocx/prd": {
      "registry": "chili-ocx",
      "version": "0.1.1",
      "hash": "df73aa7428ce95dad8a46793cce53195f7c19d253a9fc5e90541cead6ce81b02",
      "files": [
        ".opencode/command/prd/COMMAND.md"
      ],
      "installedAt": "2026-01-25T21:08:48.518Z"
    },
    "chili-ocx/prd-refine": {
      "registry": "chili-ocx",
      "version": "0.1.1",
      "hash": "5747877a22c1f640400df417e2bed5a9a0394c35d78d7fe5362e06d4c32b0c80",
      "files": [
        ".opencode/command/prd-refine/COMMAND.md"
      ],
      "installedAt": "2026-01-25T21:08:48.518Z"
    },
    "chili-ocx/rfc": {
      "registry": "chili-ocx",
      "version": "0.1.1",
      "hash": "c7f45717c467db166891459f6a3c20950aebb2107954289be17483af8d2640e4",
      "files": [
        ".opencode/command/rfc/COMMAND.md"
      ],
      "installedAt": "2026-01-25T21:08:48.518Z"
    },
    "chili-ocx/rfc-refine": {
      "registry": "chili-ocx",
      "version": "0.1.1",
      "hash": "2b9d93a7a23f1b6374aeefd008cfa4504e176f28129100f43b1dfec9300cdc30",
      "files": [
        ".opencode/command/rfc-refine/COMMAND.md"
      ],
      "installedAt": "2026-01-25T21:08:48.518Z"
    },
    "chili-ocx/plan": {
      "registry": "chili-ocx",
      "version": "0.1.1",
      "hash": "8d9b6100029acb3c1bab612259aa912ddbfa19c5492a1b047962a312d3ebe61d",
      "files": [
        ".opencode/command/plan/COMMAND.md"
      ],
      "installedAt": "2026-01-25T21:08:48.519Z"
    },
    "chili-ocx/work": {
      "registry": "chili-ocx",
      "version": "0.1.1",
      "hash": "60da35532ed167142a39d2b203e3981672f8698f1c89805a90455e5c8144ef4a",
      "files": [
        ".opencode/command/work/COMMAND.md"
      ],
      "installedAt": "2026-01-25T21:08:48.519Z"
    },
    "chili-ocx/review": {
      "registry": "chili-ocx",
      "version": "0.1.1",
      "hash": "0f5cd2a3cc8876e8801712c7fe9e2016a97a6b001bba16173444543337209cba",
      "files": [
        ".opencode/command/review/COMMAND.md"
      ],
      "installedAt": "2026-01-25T21:08:48.519Z"
    },
    "chili-ocx/status": {
      "registry": "chili-ocx",
      "version": "0.1.1",
      "hash": "108e6e6c306998d46a27ee622441299f3c138830d1a389ab7fcb072670a2562b",
      "files": [
        ".opencode/command/status/COMMAND.md"
      ],
      "installedAt": "2026-01-25T21:08:48.520Z"
    },
    "chili-ocx/notepad": {
      "registry": "chili-ocx",
      "version": "0.1.1",
      "hash": "8d46e97a488ae528373c896e0104efe100be7864fae293d952d77d559f4b7c46",
      "files": [
        ".opencode/command/notepad/COMMAND.md"
      ],
      "installedAt": "2026-01-25T21:08:48.520Z"
    },
    "chili-ocx/resume": {
      "registry": "chili-ocx",
      "version": "0.1.1",
      "hash": "a78750c2015043f8b1f7bdfe8592e91ada72b1c920a9435cdc3dcb9a4b036064",
      "files": [
        ".opencode/command/resume/COMMAND.md"
      ],
      "installedAt": "2026-01-25T21:08:48.520Z"
    },
    "chili-ocx/auto-continue": {
      "registry": "chili-ocx",
      "version": "0.1.1",
      "hash": "a45d57388d443319ff3d48e078a880ea4520e3b89f43683df16ce6a283ae1be5",
      "files": [
        ".opencode/command/auto-continue/COMMAND.md"
      ],
      "installedAt": "2026-01-25T21:08:48.521Z"
    },
    "chili-ocx/pepper-harness": {
      "registry": "chili-ocx",
      "version": "0.1.1",
      "hash": "e3b0c44298fc1c149afbf4c8996fb92427ae41e4649b934ca495991b7852b855",
      "files": [],
      "installedAt": "2026-01-25T21:08:48.521Z"
    }
  }
}